// !$*UTF8*$!
{
	archiveVersion = 1;
	classes = {
	};
	objectVersion = 46;
	objects = {

/* Begin PBXBuildFile section */
		50A513F218A8E8F100D66B6E /* Cocoa.framework in Frameworks */ = {isa = PBXBuildFile; fileRef = 50A513F118A8E8F100D66B6E /* Cocoa.framework */; };
		50A513FC18A8E8F100D66B6E /* InfoPlist.strings in Resources */ = {isa = PBXBuildFile; fileRef = 50A513FA18A8E8F100D66B6E /* InfoPlist.strings */; };
		50A513FE18A8E8F100D66B6E /* main.m in Sources */ = {isa = PBXBuildFile; fileRef = 50A513FD18A8E8F100D66B6E /* main.m */; };
		50A5140218A8E8F100D66B6E /* Credits.rtf in Resources */ = {isa = PBXBuildFile; fileRef = 50A5140018A8E8F100D66B6E /* Credits.rtf */; };
		50A5140518A8E8F100D66B6E /* AppDelegate.m in Sources */ = {isa = PBXBuildFile; fileRef = 50A5140418A8E8F100D66B6E /* AppDelegate.m */; };
		50A5140818A8E8F100D66B6E /* MainMenu.xib in Resources */ = {isa = PBXBuildFile; fileRef = 50A5140618A8E8F100D66B6E /* MainMenu.xib */; };
		50A5140A18A8E8F100D66B6E /* Images.xcassets in Resources */ = {isa = PBXBuildFile; fileRef = 50A5140918A8E8F100D66B6E /* Images.xcassets */; };
		50A5141118A8E8F100D66B6E /* XCTest.framework in Frameworks */ = {isa = PBXBuildFile; fileRef = 50A5141018A8E8F100D66B6E /* XCTest.framework */; };
		50A5141218A8E8F100D66B6E /* Cocoa.framework in Frameworks */ = {isa = PBXBuildFile; fileRef = 50A513F118A8E8F100D66B6E /* Cocoa.framework */; };
		50A5141A18A8E8F100D66B6E /* InfoPlist.strings in Resources */ = {isa = PBXBuildFile; fileRef = 50A5141818A8E8F100D66B6E /* InfoPlist.strings */; };
		50A5141C18A8E8F100D66B6E /* Bazaar_uploadImageTests.m in Sources */ = {isa = PBXBuildFile; fileRef = 50A5141B18A8E8F100D66B6E /* Bazaar_uploadImageTests.m */; };
		50A5142618A8E90000D66B6E /* AVOSCloud.framework in Frameworks */ = {isa = PBXBuildFile; fileRef = 50A5142518A8E90000D66B6E /* AVOSCloud.framework */; };
		50A5142C18A8E93600D66B6E /* ALFileItem.m in Sources */ = {isa = PBXBuildFile; fileRef = 50A5142918A8E93600D66B6E /* ALFileItem.m */; };
		50A5142D18A8E93600D66B6E /* ALFileManage.m in Sources */ = {isa = PBXBuildFile; fileRef = 50A5142B18A8E93600D66B6E /* ALFileManage.m */; };
/* End PBXBuildFile section */

/* Begin PBXContainerItemProxy section */
		50A5141318A8E8F100D66B6E /* PBXContainerItemProxy */ = {
			isa = PBXContainerItemProxy;
			containerPortal = 50A513E618A8E8F100D66B6E /* Project object */;
			proxyType = 1;
			remoteGlobalIDString = 50A513ED18A8E8F100D66B6E;
			remoteInfo = Bazaar_uploadImage;
		};
/* End PBXContainerItemProxy section */

/* Begin PBXFileReference section */
		50A513EE18A8E8F100D66B6E /* Bazaar_uploadImage.app */ = {isa = PBXFileReference; explicitFileType = wrapper.application; includeInIndex = 0; path = Bazaar_uploadImage.app; sourceTree = BUILT_PRODUCTS_DIR; };
		50A513F118A8E8F100D66B6E /* Cocoa.framework */ = {isa = PBXFileReference; lastKnownFileType = wrapper.framework; name = Cocoa.framework; path = System/Library/Frameworks/Cocoa.framework; sourceTree = SDKROOT; };
		50A513F418A8E8F100D66B6E /* AppKit.framework */ = {isa = PBXFileReference; lastKnownFileType = wrapper.framework; name = AppKit.framework; path = System/Library/Frameworks/AppKit.framework; sourceTree = SDKROOT; };
		50A513F518A8E8F100D66B6E /* CoreData.framework */ = {isa = PBXFileReference; lastKnownFileType = wrapper.framework; name = CoreData.framework; path = System/Library/Frameworks/CoreData.framework; sourceTree = SDKROOT; };
		50A513F618A8E8F100D66B6E /* Foundation.framework */ = {isa = PBXFileReference; lastKnownFileType = wrapper.framework; name = Foundation.framework; path = System/Library/Frameworks/Foundation.framework; sourceTree = SDKROOT; };
		50A513F918A8E8F100D66B6E /* Bazaar_uploadImage-Info.plist */ = {isa = PBXFileReference; lastKnownFileType = text.plist.xml; path = "Bazaar_uploadImage-Info.plist"; sourceTree = "<group>"; };
		50A513FB18A8E8F100D66B6E /* en */ = {isa = PBXFileReference; lastKnownFileType = text.plist.strings; name = en; path = en.lproj/InfoPlist.strings; sourceTree = "<group>"; };
		50A513FD18A8E8F100D66B6E /* main.m */ = {isa = PBXFileReference; lastKnownFileType = sourcecode.c.objc; path = main.m; sourceTree = "<group>"; };
		50A513FF18A8E8F100D66B6E /* Bazaar_uploadImage-Prefix.pch */ = {isa = PBXFileReference; lastKnownFileType = sourcecode.c.h; path = "Bazaar_uploadImage-Prefix.pch"; sourceTree = "<group>"; };
		50A5140118A8E8F100D66B6E /* en */ = {isa = PBXFileReference; lastKnownFileType = text.rtf; name = en; path = en.lproj/Credits.rtf; sourceTree = "<group>"; };
		50A5140318A8E8F100D66B6E /* AppDelegate.h */ = {isa = PBXFileReference; lastKnownFileType = sourcecode.c.h; path = AppDelegate.h; sourceTree = "<group>"; };
		50A5140418A8E8F100D66B6E /* AppDelegate.m */ = {isa = PBXFileReference; lastKnownFileType = sourcecode.c.objc; path = AppDelegate.m; sourceTree = "<group>"; };
		50A5140718A8E8F100D66B6E /* Base */ = {isa = PBXFileReference; lastKnownFileType = file.xib; name = Base; path = Base.lproj/MainMenu.xib; sourceTree = "<group>"; };
		50A5140918A8E8F100D66B6E /* Images.xcassets */ = {isa = PBXFileReference; lastKnownFileType = folder.assetcatalog; path = Images.xcassets; sourceTree = "<group>"; };
		50A5140F18A8E8F100D66B6E /* Bazaar_uploadImageTests.xctest */ = {isa = PBXFileReference; explicitFileType = wrapper.cfbundle; includeInIndex = 0; path = Bazaar_uploadImageTests.xctest; sourceTree = BUILT_PRODUCTS_DIR; };
		50A5141018A8E8F100D66B6E /* XCTest.framework */ = {isa = PBXFileReference; lastKnownFileType = wrapper.framework; name = XCTest.framework; path = Library/Frameworks/XCTest.framework; sourceTree = DEVELOPER_DIR; };
		50A5141718A8E8F100D66B6E /* Bazaar_uploadImageTests-Info.plist */ = {isa = PBXFileReference; lastKnownFileType = text.plist.xml; path = "Bazaar_uploadImageTests-Info.plist"; sourceTree = "<group>"; };
		50A5141918A8E8F100D66B6E /* en */ = {isa = PBXFileReference; lastKnownFileType = text.plist.strings; name = en; path = en.lproj/InfoPlist.strings; sourceTree = "<group>"; };
		50A5141B18A8E8F100D66B6E /* Bazaar_uploadImageTests.m */ = {isa = PBXFileReference; lastKnownFileType = sourcecode.c.objc; path = Bazaar_uploadImageTests.m; sourceTree = "<group>"; };
		50A5142518A8E90000D66B6E /* AVOSCloud.framework */ = {isa = PBXFileReference; lastKnownFileType = wrapper.framework; path = AVOSCloud.framework; sourceTree = "<group>"; };
		50A5142818A8E93600D66B6E /* ALFileItem.h */ = {isa = PBXFileReference; fileEncoding = 4; lastKnownFileType = sourcecode.c.h; path = ALFileItem.h; sourceTree = "<group>"; };
		50A5142918A8E93600D66B6E /* ALFileItem.m */ = {isa = PBXFileReference; fileEncoding = 4; lastKnownFileType = sourcecode.c.objc; path = ALFileItem.m; sourceTree = "<group>"; };
		50A5142A18A8E93600D66B6E /* ALFileManage.h */ = {isa = PBXFileReference; fileEncoding = 4; lastKnownFileType = sourcecode.c.h; path = ALFileManage.h; sourceTree = "<group>"; };
		50A5142B18A8E93600D66B6E /* ALFileManage.m */ = {isa = PBXFileReference; fileEncoding = 4; lastKnownFileType = sourcecode.c.objc; path = ALFileManage.m; sourceTree = "<group>"; };
/* End PBXFileReference section */

/* Begin PBXFrameworksBuildPhase section */
		50A513EB18A8E8F100D66B6E /* Frameworks */ = {
			isa = PBXFrameworksBuildPhase;
			buildActionMask = 2147483647;
			files = (
				50A513F218A8E8F100D66B6E /* Cocoa.framework in Frameworks */,
				50A5142618A8E90000D66B6E /* AVOSCloud.framework in Frameworks */,
			);
			runOnlyForDeploymentPostprocessing = 0;
		};
		50A5140C18A8E8F100D66B6E /* Frameworks */ = {
			isa = PBXFrameworksBuildPhase;
			buildActionMask = 2147483647;
			files = (
				50A5141218A8E8F100D66B6E /* Cocoa.framework in Frameworks */,
				50A5141118A8E8F100D66B6E /* XCTest.framework in Frameworks */,
			);
			runOnlyForDeploymentPostprocessing = 0;
		};
/* End PBXFrameworksBuildPhase section */

/* Begin PBXGroup section */
		50A513E518A8E8F100D66B6E = {
			isa = PBXGroup;
			children = (
				50A5142718A8E93600D66B6E /* ALFileManage */,
				50A5142518A8E90000D66B6E /* AVOSCloud.framework */,
				50A513F718A8E8F100D66B6E /* Bazaar_uploadImage */,
				50A5141518A8E8F100D66B6E /* Bazaar_uploadImageTests */,
				50A513F018A8E8F100D66B6E /* Frameworks */,
				50A513EF18A8E8F100D66B6E /* Products */,
			);
			sourceTree = "<group>";
		};
		50A513EF18A8E8F100D66B6E /* Products */ = {
			isa = PBXGroup;
			children = (
				50A513EE18A8E8F100D66B6E /* Bazaar_uploadImage.app */,
				50A5140F18A8E8F100D66B6E /* Bazaar_uploadImageTests.xctest */,
			);
			name = Products;
			sourceTree = "<group>";
		};
		50A513F018A8E8F100D66B6E /* Frameworks */ = {
			isa = PBXGroup;
			children = (
				50A513F118A8E8F100D66B6E /* Cocoa.framework */,
				50A5141018A8E8F100D66B6E /* XCTest.framework */,
				50A513F318A8E8F100D66B6E /* Other Frameworks */,
			);
			name = Frameworks;
			sourceTree = "<group>";
		};
		50A513F318A8E8F100D66B6E /* Other Frameworks */ = {
			isa = PBXGroup;
			children = (
				50A513F418A8E8F100D66B6E /* AppKit.framework */,
				50A513F518A8E8F100D66B6E /* CoreData.framework */,
				50A513F618A8E8F100D66B6E /* Foundation.framework */,
			);
			name = "Other Frameworks";
			sourceTree = "<group>";
		};
		50A513F718A8E8F100D66B6E /* Bazaar_uploadImage */ = {
			isa = PBXGroup;
			children = (
				50A5140318A8E8F100D66B6E /* AppDelegate.h */,
				50A5140418A8E8F100D66B6E /* AppDelegate.m */,
				50A5140618A8E8F100D66B6E /* MainMenu.xib */,
				50A5140918A8E8F100D66B6E /* Images.xcassets */,
				50A513F818A8E8F100D66B6E /* Supporting Files */,
			);
			path = Bazaar_uploadImage;
			sourceTree = "<group>";
		};
		50A513F818A8E8F100D66B6E /* Supporting Files */ = {
			isa = PBXGroup;
			children = (
				50A513F918A8E8F100D66B6E /* Bazaar_uploadImage-Info.plist */,
				50A513FA18A8E8F100D66B6E /* InfoPlist.strings */,
				50A513FD18A8E8F100D66B6E /* main.m */,
				50A513FF18A8E8F100D66B6E /* Bazaar_uploadImage-Prefix.pch */,
				50A5140018A8E8F100D66B6E /* Credits.rtf */,
			);
			name = "Supporting Files";
			sourceTree = "<group>";
		};
		50A5141518A8E8F100D66B6E /* Bazaar_uploadImageTests */ = {
			isa = PBXGroup;
			children = (
				50A5141B18A8E8F100D66B6E /* Bazaar_uploadImageTests.m */,
				50A5141618A8E8F100D66B6E /* Supporting Files */,
			);
			path = Bazaar_uploadImageTests;
			sourceTree = "<group>";
		};
		50A5141618A8E8F100D66B6E /* Supporting Files */ = {
			isa = PBXGroup;
			children = (
				50A5141718A8E8F100D66B6E /* Bazaar_uploadImageTests-Info.plist */,
				50A5141818A8E8F100D66B6E /* InfoPlist.strings */,
			);
			name = "Supporting Files";
			sourceTree = "<group>";
		};
		50A5142718A8E93600D66B6E /* ALFileManage */ = {
			isa = PBXGroup;
			children = (
				50A5142818A8E93600D66B6E /* ALFileItem.h */,
				50A5142918A8E93600D66B6E /* ALFileItem.m */,
				50A5142A18A8E93600D66B6E /* ALFileManage.h */,
				50A5142B18A8E93600D66B6E /* ALFileManage.m */,
			);
			path = ALFileManage;
			sourceTree = "<group>";
		};
/* End PBXGroup section */

/* Begin PBXNativeTarget section */
		50A513ED18A8E8F100D66B6E /* Bazaar_uploadImage */ = {
			isa = PBXNativeTarget;
			buildConfigurationList = 50A5141F18A8E8F100D66B6E /* Build configuration list for PBXNativeTarget "Bazaar_uploadImage" */;
			buildPhases = (
				50A513EA18A8E8F100D66B6E /* Sources */,
				50A513EB18A8E8F100D66B6E /* Frameworks */,
				50A513EC18A8E8F100D66B6E /* Resources */,
			);
			buildRules = (
			);
			dependencies = (
			);
			name = Bazaar_uploadImage;
			productName = Bazaar_uploadImage;
			productReference = 50A513EE18A8E8F100D66B6E /* Bazaar_uploadImage.app */;
			productType = "com.apple.product-type.application";
		};
		50A5140E18A8E8F100D66B6E /* Bazaar_uploadImageTests */ = {
			isa = PBXNativeTarget;
			buildConfigurationList = 50A5142218A8E8F100D66B6E /* Build configuration list for PBXNativeTarget "Bazaar_uploadImageTests" */;
			buildPhases = (
				50A5140B18A8E8F100D66B6E /* Sources */,
				50A5140C18A8E8F100D66B6E /* Frameworks */,
				50A5140D18A8E8F100D66B6E /* Resources */,
			);
			buildRules = (
			);
			dependencies = (
				50A5141418A8E8F100D66B6E /* PBXTargetDependency */,
			);
			name = Bazaar_uploadImageTests;
			productName = Bazaar_uploadImageTests;
			productReference = 50A5140F18A8E8F100D66B6E /* Bazaar_uploadImageTests.xctest */;
			productType = "com.apple.product-type.bundle.unit-test";
		};
/* End PBXNativeTarget section */

/* Begin PBXProject section */
		50A513E618A8E8F100D66B6E /* Project object */ = {
			isa = PBXProject;
			attributes = {
				LastUpgradeCheck = 0500;
				ORGANIZATIONNAME = Albert;
				TargetAttributes = {
					50A5140E18A8E8F100D66B6E = {
						TestTargetID = 50A513ED18A8E8F100D66B6E;
					};
				};
			};
			buildConfigurationList = 50A513E918A8E8F100D66B6E /* Build configuration list for PBXProject "Bazaar_uploadImage" */;
			compatibilityVersion = "Xcode 3.2";
			developmentRegion = English;
			hasScannedForEncodings = 0;
			knownRegions = (
				en,
				Base,
			);
			mainGroup = 50A513E518A8E8F100D66B6E;
			productRefGroup = 50A513EF18A8E8F100D66B6E /* Products */;
			projectDirPath = "";
			projectRoot = "";
			targets = (
				50A513ED18A8E8F100D66B6E /* Bazaar_uploadImage */,
				50A5140E18A8E8F100D66B6E /* Bazaar_uploadImageTests */,
			);
		};
/* End PBXProject section */

/* Begin PBXResourcesBuildPhase section */
		50A513EC18A8E8F100D66B6E /* Resources */ = {
			isa = PBXResourcesBuildPhase;
			buildActionMask = 2147483647;
			files = (
				50A513FC18A8E8F100D66B6E /* InfoPlist.strings in Resources */,
				50A5140A18A8E8F100D66B6E /* Images.xcassets in Resources */,
				50A5140218A8E8F100D66B6E /* Credits.rtf in Resources */,
				50A5140818A8E8F100D66B6E /* MainMenu.xib in Resources */,
			);
			runOnlyForDeploymentPostprocessing = 0;
		};
		50A5140D18A8E8F100D66B6E /* Resources */ = {
			isa = PBXResourcesBuildPhase;
			buildActionMask = 2147483647;
			files = (
				50A5141A18A8E8F100D66B6E /* InfoPlist.strings in Resources */,
			);
			runOnlyForDeploymentPostprocessing = 0;
		};
/* End PBXResourcesBuildPhase section */

/* Begin PBXSourcesBuildPhase section */
		50A513EA18A8E8F100D66B6E /* Sources */ = {
			isa = PBXSourcesBuildPhase;
			buildActionMask = 2147483647;
			files = (
				50A5140518A8E8F100D66B6E /* AppDelegate.m in Sources */,
				50A513FE18A8E8F100D66B6E /* main.m in Sources */,
				50A5142C18A8E93600D66B6E /* ALFileItem.m in Sources */,
				50A5142D18A8E93600D66B6E /* ALFileManage.m in Sources */,
			);
			runOnlyForDeploymentPostprocessing = 0;
		};
		50A5140B18A8E8F100D66B6E /* Sources */ = {
			isa = PBXSourcesBuildPhase;
			buildActionMask = 2147483647;
			files = (
				50A5141C18A8E8F100D66B6E /* Bazaar_uploadImageTests.m in Sources */,
			);
			runOnlyForDeploymentPostprocessing = 0;
		};
/* End PBXSourcesBuildPhase section */

/* Begin PBXTargetDependency section */
		50A5141418A8E8F100D66B6E /* PBXTargetDependency */ = {
			isa = PBXTargetDependency;
			target = 50A513ED18A8E8F100D66B6E /* Bazaar_uploadImage */;
			targetProxy = 50A5141318A8E8F100D66B6E /* PBXContainerItemProxy */;
		};
/* End PBXTargetDependency section */

/* Begin PBXVariantGroup section */
		50A513FA18A8E8F100D66B6E /* InfoPlist.strings */ = {
			isa = PBXVariantGroup;
			children = (
				50A513FB18A8E8F100D66B6E /* en */,
			);
			name = InfoPlist.strings;
			sourceTree = "<group>";
		};
		50A5140018A8E8F100D66B6E /* Credits.rtf */ = {
			isa = PBXVariantGroup;
			children = (
				50A5140118A8E8F100D66B6E /* en */,
			);
			name = Credits.rtf;
			sourceTree = "<group>";
		};
		50A5140618A8E8F100D66B6E /* MainMenu.xib */ = {
			isa = PBXVariantGroup;
			children = (
				50A5140718A8E8F100D66B6E /* Base */,
			);
			name = MainMenu.xib;
			sourceTree = "<group>";
		};
		50A5141818A8E8F100D66B6E /* InfoPlist.strings */ = {
			isa = PBXVariantGroup;
			children = (
				50A5141918A8E8F100D66B6E /* en */,
			);
			name = InfoPlist.strings;
			sourceTree = "<group>";
		};
/* End PBXVariantGroup section */

/* Begin XCBuildConfiguration section */
		50A5141D18A8E8F100D66B6E /* Debug */ = {
			isa = XCBuildConfiguration;
			buildSettings = {
				ALWAYS_SEARCH_USER_PATHS = NO;
				CLANG_CXX_LANGUAGE_STANDARD = "gnu++0x";
				CLANG_CXX_LIBRARY = "libc++";
				CLANG_ENABLE_OBJC_ARC = YES;
				CLANG_WARN_BOOL_CONVERSION = YES;
				CLANG_WARN_CONSTANT_CONVERSION = YES;
				CLANG_WARN_DIRECT_OBJC_ISA_USAGE = YES_ERROR;
				CLANG_WARN_EMPTY_BODY = YES;
				CLANG_WARN_ENUM_CONVERSION = YES;
				CLANG_WARN_INT_CONVERSION = YES;
				CLANG_WARN_OBJC_ROOT_CLASS = YES_ERROR;
				CLANG_WARN__DUPLICATE_METHOD_MATCH = YES;
				COPY_PHASE_STRIP = NO;
				GCC_C_LANGUAGE_STANDARD = gnu99;
				GCC_DYNAMIC_NO_PIC = NO;
				GCC_ENABLE_OBJC_EXCEPTIONS = YES;
				GCC_OPTIMIZATION_LEVEL = 0;
				GCC_PREPROCESSOR_DEFINITIONS = (
					"DEBUG=1",
					"$(inherited)",
				);
				GCC_SYMBOLS_PRIVATE_EXTERN = NO;
				GCC_WARN_64_TO_32_BIT_CONVERSION = YES;
				GCC_WARN_ABOUT_RETURN_TYPE = YES_ERROR;
				GCC_WARN_UNDECLARED_SELECTOR = YES;
				GCC_WARN_UNINITIALIZED_AUTOS = YES;
				GCC_WARN_UNUSED_FUNCTION = YES;
				GCC_WARN_UNUSED_VARIABLE = YES;
				MACOSX_DEPLOYMENT_TARGET = 10.8;
				ONLY_ACTIVE_ARCH = YES;
				SDKROOT = macosx;
			};
			name = Debug;
		};
		50A5141E18A8E8F100D66B6E /* Release */ = {
			isa = XCBuildConfiguration;
			buildSettings = {
				ALWAYS_SEARCH_USER_PATHS = NO;
				CLANG_CXX_LANGUAGE_STANDARD = "gnu++0x";
				CLANG_CXX_LIBRARY = "libc++";
				CLANG_ENABLE_OBJC_ARC = YES;
				CLANG_WARN_BOOL_CONVERSION = YES;
				CLANG_WARN_CONSTANT_CONVERSION = YES;
				CLANG_WARN_DIRECT_OBJC_ISA_USAGE = YES_ERROR;
				CLANG_WARN_EMPTY_BODY = YES;
				CLANG_WARN_ENUM_CONVERSION = YES;
				CLANG_WARN_INT_CONVERSION = YES;
				CLANG_WARN_OBJC_ROOT_CLASS = YES_ERROR;
				CLANG_WARN__DUPLICATE_METHOD_MATCH = YES;
				COPY_PHASE_STRIP = YES;
				DEBUG_INFORMATION_FORMAT = "dwarf-with-dsym";
				ENABLE_NS_ASSERTIONS = NO;
				GCC_C_LANGUAGE_STANDARD = gnu99;
				GCC_ENABLE_OBJC_EXCEPTIONS = YES;
				GCC_WARN_64_TO_32_BIT_CONVERSION = YES;
				GCC_WARN_ABOUT_RETURN_TYPE = YES_ERROR;
				GCC_WARN_UNDECLARED_SELECTOR = YES;
				GCC_WARN_UNINITIALIZED_AUTOS = YES;
				GCC_WARN_UNUSED_FUNCTION = YES;
				GCC_WARN_UNUSED_VARIABLE = YES;
				MACOSX_DEPLOYMENT_TARGET = 10.8;
				SDKROOT = macosx;
			};
			name = Release;
		};
		50A5142018A8E8F100D66B6E /* Debug */ = {
			isa = XCBuildConfiguration;
			buildSettings = {
				ASSETCATALOG_COMPILER_APPICON_NAME = AppIcon;
				COMBINE_HIDPI_IMAGES = YES;
				FRAMEWORK_SEARCH_PATHS = (
					"$(inherited)",
					"${SRCROOT}",
				);
				GCC_PRECOMPILE_PREFIX_HEADER = YES;
				GCC_PREFIX_HEADER = "Bazaar_uploadImage/Bazaar_uploadImage-Prefix.pch";
				INFOPLIST_FILE = "Bazaar_uploadImage/Bazaar_uploadImage-Info.plist";
				PRODUCT_NAME = "$(TARGET_NAME)";
				WRAPPER_EXTENSION = app;
			};
			name = Debug;
		};
		50A5142118A8E8F100D66B6E /* Release */ = {
			isa = XCBuildConfiguration;
			buildSettings = {
				ASSETCATALOG_COMPILER_APPICON_NAME = AppIcon;
				COMBINE_HIDPI_IMAGES = YES;
				FRAMEWORK_SEARCH_PATHS = (
					"$(inherited)",
					"${SRCROOT}",
				);
				GCC_PRECOMPILE_PREFIX_HEADER = YES;
				GCC_PREFIX_HEADER = "Bazaar_uploadImage/Bazaar_uploadImage-Prefix.pch";
				INFOPLIST_FILE = "Bazaar_uploadImage/Bazaar_uploadImage-Info.plist";
				PRODUCT_NAME = "$(TARGET_NAME)";
				WRAPPER_EXTENSION = app;
			};
			name = Release;
		};
		50A5142318A8E8F100D66B6E /* Debug */ = {
			isa = XCBuildConfiguration;
			buildSettings = {
				BUNDLE_LOADER = "$(BUILT_PRODUCTS_DIR)/Bazaar_uploadImage.app/Contents/MacOS/Bazaar_uploadImage";
				COMBINE_HIDPI_IMAGES = YES;
				FRAMEWORK_SEARCH_PATHS = (
					"$(DEVELOPER_FRAMEWORKS_DIR)",
					"$(inherited)",
				);
				GCC_PRECOMPILE_PREFIX_HEADER = YES;
				GCC_PREFIX_HEADER = "Bazaar_uploadImage/Bazaar_uploadImage-Prefix.pch";
				GCC_PREPROCESSOR_DEFINITIONS = (
					"DEBUG=1",
					"$(inherited)",
				);
				INFOPLIST_FILE = "Bazaar_uploadImageTests/Bazaar_uploadImageTests-Info.plist";
				PRODUCT_NAME = "$(TARGET_NAME)";
				TEST_HOST = "$(BUNDLE_LOADER)";
				WRAPPER_EXTENSION = xctest;
			};
			name = Debug;
		};
		50A5142418A8E8F100D66B6E /* Release */ = {
			isa = XCBuildConfiguration;
			buildSettings = {
				BUNDLE_LOADER = "$(BUILT_PRODUCTS_DIR)/Bazaar_uploadImage.app/Contents/MacOS/Bazaar_uploadImage";
				COMBINE_HIDPI_IMAGES = YES;
				FRAMEWORK_SEARCH_PATHS = (
					"$(DEVELOPER_FRAMEWORKS_DIR)",
					"$(inherited)",
				);
				GCC_PRECOMPILE_PREFIX_HEADER = YES;
				GCC_PREFIX_HEADER = "Bazaar_uploadImage/Bazaar_uploadImage-Prefix.pch";
				INFOPLIST_FILE = "Bazaar_uploadImageTests/Bazaar_uploadImageTests-Info.plist";
				PRODUCT_NAME = "$(TARGET_NAME)";
				TEST_HOST = "$(BUNDLE_LOADER)";
				WRAPPER_EXTENSION = xctest;
			};
			name = Release;
		};
/* End XCBuildConfiguration section */

/* Begin XCConfigurationList section */
		50A513E918A8E8F100D66B6E /* Build configuration list for PBXProject "Bazaar_uploadImage" */ = {
			isa = XCConfigurationList;
			buildConfigurations = (
				50A5141D18A8E8F100D66B6E /* Debug */,
				50A5141E18A8E8F100D66B6E /* Release */,
			);
			defaultConfigurationIsVisible = 0;
			defaultConfigurationName = Release;
		};
		50A5141F18A8E8F100D66B6E /* Build configuration list for PBXNativeTarget "Bazaar_uploadImage" */ = {
			isa = XCConfigurationList;
			buildConfigurations = (
				50A5142018A8E8F100D66B6E /* Debug */,
				50A5142118A8E8F100D66B6E /* Release */,
			);
			defaultConfigurationIsVisible = 0;
		};
		50A5142218A8E8F100D66B6E /* Build configuration list for PBXNativeTarget "Bazaar_uploadImageTests" */ = {
			isa = XCConfigurationList;
			buildConfigurations = (
				50A5142318A8E8F100D66B6E /* Debug */,
				50A5142418A8E8F100D66B6E /* Release */,
			);
			defaultConfigurationIsVisible = 0;
		};
/* End XCConfigurationList section */
	};
	rootObject = 50A513E618A8E8F100D66B6E /* Project object */;
}
